<?xml version="1.0" encoding="UTF-8"?>
<Scheme
   version = "1.3">
   <BuildAction>
      <BuildActionEntries>
         <BuildActionEntry
            buildForRunning = "YES">
            <BuildableReference
               BuildableIdentifier = "primary"
               BlueprintIdentifier = "BB2ED7B2D830082FE48A9D96"
               BuildableName = "tetris_mac.app"
               BlueprintName = "tetris_mac"
               ReferencedContainer = "container:tetris_mac.xcodeproj">
            </BuildableReference>
         </BuildActionEntry>
      </BuildActionEntries>
   </BuildAction>
   <LaunchAction
      useCustomWorkingDirectory = "NO"
      buildConfiguration = "Debug">
      <BuildableProductRunnable>
         <BuildableReference
            BuildableIdentifier = "primary"
            BlueprintIdentifier = "BB2ED7B2D830082FE48A9D96"
            BuildableName = "tetris_mac.app"
            BlueprintName = "tetris_mac"
            ReferencedContainer = "container:tetris_mac.xcodeproj">
         </BuildableReference>
      </BuildableProductRunnable>
   </LaunchAction>
</Scheme>
